
Microsoft Visual Studio Solution File, Format Version 12.00
# Visual Studio 15
VisualStudioVersion = 15.0.28307.1259
MinimumVisualStudioVersion = 10.0.40219.1
Project("{FAE04EC0-301F-11D3-BF4B-00C04F79EFBC}") = "PizzaShop", "PizzaShop\PizzaShop.csproj", "{0E85BA33-6C47-453C-A79A-5BF50BC12477}"
EndProject
Project("{FAE04EC0-301F-11D3-BF4B-00C04F79EFBC}") = "PizzaLibrary", "PizzaLibrary\PizzaLibrary.csproj", "{0D78E61A-00DE-4A1A-9A3E-EA5236036101}"
EndProject
Global
	GlobalSection(SolutionConfigurationPlatforms) = preSolution
		Debug|Any CPU = Debug|Any CPU
		Release|Any CPU = Release|Any CPU
	EndGlobalSection
	GlobalSection(ProjectConfigurationPlatforms) = postSolution
		{0E85BA33-6C47-453C-A79A-5BF50BC12477}.Debug|Any CPU.ActiveCfg = Debug|Any CPU
		{0E85BA33-6C47-453C-A79A-5BF50BC12477}.Debug|Any CPU.Build.0 = Debug|Any CPU
		{0E85BA33-6C47-453C-A79A-5BF50BC12477}.Release|Any CPU.ActiveCfg = Release|Any CPU
		{0E85BA33-6C47-453C-A79A-5BF50BC12477}.Release|Any CPU.Build.0 = Release|Any CPU
		{0D78E61A-00DE-4A1A-9A3E-EA5236036101}.Debug|Any CPU.ActiveCfg = Debug|Any CPU
		{0D78E61A-00DE-4A1A-9A3E-EA5236036101}.Debug|Any CPU.Build.0 = Debug|Any CPU
		{0D78E61A-00DE-4A1A-9A3E-EA5236036101}.Release|Any CPU.ActiveCfg = Release|Any CPU
		{0D78E61A-00DE-4A1A-9A3E-EA5236036101}.Release|Any CPU.Build.0 = Release|Any CPU
	EndGlobalSection
	GlobalSection(SolutionProperties) = preSolution
		HideSolutionNode = FALSE
	EndGlobalSection
	GlobalSection(ExtensibilityGlobals) = postSolution
		SolutionGuid = {41219293-C2B8-4DE6-8BDF-5C7C8DEBFFC8}
	EndGlobalSection
EndGlobal
